// !$*UTF8*$!
{
	archiveVersion = 1;
	classes = {
	};
	objectVersion = 55;
	objects = {

/* Begin PBXBuildFile section */
		3A84044F7FB0D14540B0E5FF /* libPods-CarApp(RxSwift).a in Frameworks */ = {isa = PBXBuildFile; fileRef = 28B252C5524BBCF16CCADD2C /* libPods-CarApp(RxSwift).a */; };
		A1744E4827B63763007AE2C9 /* SelectedCompanyViewController.swift in Sources */ = {isa = PBXBuildFile; fileRef = A1744E4727B63763007AE2C9 /* SelectedCompanyViewController.swift */; };
		A190C25D27AD2AD1001FC267 /* AppDelegate.swift in Sources */ = {isa = PBXBuildFile; fileRef = A190C25C27AD2AD1001FC267 /* AppDelegate.swift */; };
		A190C25F27AD2AD1001FC267 /* SceneDelegate.swift in Sources */ = {isa = PBXBuildFile; fileRef = A190C25E27AD2AD1001FC267 /* SceneDelegate.swift */; };
		A190C26127AD2AD1001FC267 /* CarCompanyViewController.swift in Sources */ = {isa = PBXBuildFile; fileRef = A190C26027AD2AD1001FC267 /* CarCompanyViewController.swift */; };
		A190C26627AD2AD2001FC267 /* Assets.xcassets in Resources */ = {isa = PBXBuildFile; fileRef = A190C26527AD2AD2001FC267 /* Assets.xcassets */; };
		A190C26927AD2AD2001FC267 /* LaunchScreen.storyboard in Resources */ = {isa = PBXBuildFile; fileRef = A190C26727AD2AD2001FC267 /* LaunchScreen.storyboard */; };
		A190C27527AD2E24001FC267 /* CarModel.swift in Sources */ = {isa = PBXBuildFile; fileRef = A190C27427AD2E24001FC267 /* CarModel.swift */; };
/* End PBXBuildFile section */

/* Begin PBXFileReference section */
		1BF772F5CC0A6BF169B49DCF /* Pods-CarApp(RxSwift).debug.xcconfig */ = {isa = PBXFileReference; includeInIndex = 1; lastKnownFileType = text.xcconfig; name = "Pods-CarApp(RxSwift).debug.xcconfig"; path = "Target Support Files/Pods-CarApp(RxSwift)/Pods-CarApp(RxSwift).debug.xcconfig"; sourceTree = "<group>"; };
		28B252C5524BBCF16CCADD2C /* libPods-CarApp(RxSwift).a */ = {isa = PBXFileReference; explicitFileType = archive.ar; includeInIndex = 0; path = "libPods-CarApp(RxSwift).a"; sourceTree = BUILT_PRODUCTS_DIR; };
		A1744E4727B63763007AE2C9 /* SelectedCompanyViewController.swift */ = {isa = PBXFileReference; lastKnownFileType = sourcecode.swift; path = SelectedCompanyViewController.swift; sourceTree = "<group>"; };
		A190C25927AD2AD1001FC267 /* CarApp(RxSwift).app */ = {isa = PBXFileReference; explicitFileType = wrapper.application; includeInIndex = 0; path = "CarApp(RxSwift).app"; sourceTree = BUILT_PRODUCTS_DIR; };
		A190C25C27AD2AD1001FC267 /* AppDelegate.swift */ = {isa = PBXFileReference; lastKnownFileType = sourcecode.swift; path = AppDelegate.swift; sourceTree = "<group>"; };
		A190C25E27AD2AD1001FC267 /* SceneDelegate.swift */ = {isa = PBXFileReference; lastKnownFileType = sourcecode.swift; path = SceneDelegate.swift; sourceTree = "<group>"; };
		A190C26027AD2AD1001FC267 /* CarCompanyViewController.swift */ = {isa = PBXFileReference; lastKnownFileType = sourcecode.swift; path = CarCompanyViewController.swift; sourceTree = "<group>"; };
		A190C26527AD2AD2001FC267 /* Assets.xcassets */ = {isa = PBXFileReference; lastKnownFileType = folder.assetcatalog; path = Assets.xcassets; sourceTree = "<group>"; };
		A190C26827AD2AD2001FC267 /* Base */ = {isa = PBXFileReference; lastKnownFileType = file.storyboard; name = Base; path = Base.lproj/LaunchScreen.storyboard; sourceTree = "<group>"; };
		A190C26A27AD2AD2001FC267 /* Info.plist */ = {isa = PBXFileReference; lastKnownFileType = text.plist.xml; path = Info.plist; sourceTree = "<group>"; };
		A190C27427AD2E24001FC267 /* CarModel.swift */ = {isa = PBXFileReference; lastKnownFileType = sourcecode.swift; path = CarModel.swift; sourceTree = "<group>"; };
		BA709008FE201ADF76D69FBF /* Pods-CarApp(RxSwift).release.xcconfig */ = {isa = PBXFileReference; includeInIndex = 1; lastKnownFileType = text.xcconfig; name = "Pods-CarApp(RxSwift).release.xcconfig"; path = "Target Support Files/Pods-CarApp(RxSwift)/Pods-CarApp(RxSwift).release.xcconfig"; sourceTree = "<group>"; };
/* End PBXFileReference section */

/* Begin PBXFrameworksBuildPhase section */
		A190C25627AD2AD1001FC267 /* Frameworks */ = {
			isa = PBXFrameworksBuildPhase;
			buildActionMask = 2147483647;
			files = (
				3A84044F7FB0D14540B0E5FF /* libPods-CarApp(RxSwift).a in Frameworks */,
			);
			runOnlyForDeploymentPostprocessing = 0;
		};
/* End PBXFrameworksBuildPhase section */

/* Begin PBXGroup section */
		25B9DB94E60428FAFA92E342 /* Frameworks */ = {
			isa = PBXGroup;
			children = (
				28B252C5524BBCF16CCADD2C /* libPods-CarApp(RxSwift).a */,
			);
			name = Frameworks;
			sourceTree = "<group>";
		};
		72D622C2C9B7EED0225210A9 /* Pods */ = {
			isa = PBXGroup;
			children = (
				1BF772F5CC0A6BF169B49DCF /* Pods-CarApp(RxSwift).debug.xcconfig */,
				BA709008FE201ADF76D69FBF /* Pods-CarApp(RxSwift).release.xcconfig */,
			);
			path = Pods;
			sourceTree = "<group>";
		};
		A190C25027AD2AD1001FC267 = {
			isa = PBXGroup;
			children = (
				A190C25B27AD2AD1001FC267 /* CarApp(RxSwift) */,
				A190C25A27AD2AD1001FC267 /* Products */,
				72D622C2C9B7EED0225210A9 /* Pods */,
				25B9DB94E60428FAFA92E342 /* Frameworks */,
			);
			sourceTree = "<group>";
		};
		A190C25A27AD2AD1001FC267 /* Products */ = {
			isa = PBXGroup;
			children = (
				A190C25927AD2AD1001FC267 /* CarApp(RxSwift).app */,
			);
			name = Products;
			sourceTree = "<group>";
		};
		A190C25B27AD2AD1001FC267 /* CarApp(RxSwift) */ = {
			isa = PBXGroup;
			children = (
				A190C27027AD2B3E001FC267 /* Resourse */,
				A190C27127AD2B96001FC267 /* ViewControllers */,
				A190C27327AD2E05001FC267 /* Models */,
				A190C27227AD2BA7001FC267 /* App */,
			);
			path = "CarApp(RxSwift)";
			sourceTree = "<group>";
		};
		A190C27027AD2B3E001FC267 /* Resourse */ = {
			isa = PBXGroup;
			children = (
				A190C25C27AD2AD1001FC267 /* AppDelegate.swift */,
				A190C25E27AD2AD1001FC267 /* SceneDelegate.swift */,
			);
			path = Resourse;
			sourceTree = "<group>";
		};
		A190C27127AD2B96001FC267 /* ViewControllers */ = {
			isa = PBXGroup;
			children = (
				A190C26027AD2AD1001FC267 /* CarCompanyViewController.swift */,
				A1744E4727B63763007AE2C9 /* SelectedCompanyViewController.swift */,
			);
			path = ViewControllers;
			sourceTree = "<group>";
		};
		A190C27227AD2BA7001FC267 /* App */ = {
			isa = PBXGroup;
			children = (
				A190C26527AD2AD2001FC267 /* Assets.xcassets */,
				A190C26727AD2AD2001FC267 /* LaunchScreen.storyboard */,
				A190C26A27AD2AD2001FC267 /* Info.plist */,
			);
			path = App;
			sourceTree = "<group>";
		};
		A190C27327AD2E05001FC267 /* Models */ = {
			isa = PBXGroup;
			children = (
				A190C27427AD2E24001FC267 /* CarModel.swift */,
			);
			path = Models;
			sourceTree = "<group>";
		};
/* End PBXGroup section */

/* Begin PBXNativeTarget section */
		A190C25827AD2AD1001FC267 /* CarApp(RxSwift) */ = {
			isa = PBXNativeTarget;
			buildConfigurationList = A190C26D27AD2AD2001FC267 /* Build configuration list for PBXNativeTarget "CarApp(RxSwift)" */;
			buildPhases = (
				F26D1285CDFDF5151A2D0F39 /* [CP] Check Pods Manifest.lock */,
				A190C25527AD2AD1001FC267 /* Sources */,
				A190C25627AD2AD1001FC267 /* Frameworks */,
				A190C25727AD2AD1001FC267 /* Resources */,
			);
			buildRules = (
			);
			dependencies = (
			);
			name = "CarApp(RxSwift)";
			productName = "CarApp(RxSwift)";
			productReference = A190C25927AD2AD1001FC267 /* CarApp(RxSwift).app */;
			productType = "com.apple.product-type.application";
		};
/* End PBXNativeTarget section */

/* Begin PBXProject section */
		A190C25127AD2AD1001FC267 /* Project object */ = {
			isa = PBXProject;
			attributes = {
				BuildIndependentTargetsInParallel = 1;
				LastSwiftUpdateCheck = 1320;
				LastUpgradeCheck = 1320;
				TargetAttributes = {
					A190C25827AD2AD1001FC267 = {
						CreatedOnToolsVersion = 13.2.1;
					};
				};
			};
			buildConfigurationList = A190C25427AD2AD1001FC267 /* Build configuration list for PBXProject "CarApp(RxSwift)" */;
			compatibilityVersion = "Xcode 13.0";
			developmentRegion = en;
			hasScannedForEncodings = 0;
			knownRegions = (
				en,
				Base,
			);
			mainGroup = A190C25027AD2AD1001FC267;
			productRefGroup = A190C25A27AD2AD1001FC267 /* Products */;
			projectDirPath = "";
			projectRoot = "";
			targets = (
				A190C25827AD2AD1001FC267 /* CarApp(RxSwift) */,
			);
		};
/* End PBXProject section */

/* Begin PBXResourcesBuildPhase section */
		A190C25727AD2AD1001FC267 /* Resources */ = {
			isa = PBXResourcesBuildPhase;
			buildActionMask = 2147483647;
			files = (
				A190C26927AD2AD2001FC267 /* LaunchScreen.storyboard in Resources */,
				A190C26627AD2AD2001FC267 /* Assets.xcassets in Resources */,
			);
			runOnlyForDeploymentPostprocessing = 0;
		};
/* End PBXResourcesBuildPhase section */

/* Begin PBXShellScriptBuildPhase section */
		F26D1285CDFDF5151A2D0F39 /* [CP] Check Pods Manifest.lock */ = {
			isa = PBXShellScriptBuildPhase;
			buildActionMask = 2147483647;
			files = (
			);
			inputFileListPaths = (
			);
			inputPaths = (
				"${PODS_PODFILE_DIR_PATH}/Podfile.lock",
				"${PODS_ROOT}/Manifest.lock",
			);
			name = "[CP] Check Pods Manifest.lock";
			outputFileListPaths = (
			);
			outputPaths = (
				"$(DERIVED_FILE_DIR)/Pods-CarApp(RxSwift)-checkManifestLockResult.txt",
			);
			runOnlyForDeploymentPostprocessing = 0;
			shellPath = /bin/sh;
			shellScript = "diff \"${PODS_PODFILE_DIR_PATH}/Podfile.lock\" \"${PODS_ROOT}/Manifest.lock\" > /dev/null\nif [ $? != 0 ] ; then\n    # print error to STDERR\n    echo \"error: The sandbox is not in sync with the Podfile.lock. Run 'pod install' or update your CocoaPods installation.\" >&2\n    exit 1\nfi\n# This output is used by Xcode 'outputs' to avoid re-running this script phase.\necho \"SUCCESS\" > \"${SCRIPT_OUTPUT_FILE_0}\"\n";
			showEnvVarsInLog = 0;
		};
/* End PBXShellScriptBuildPhase section */

/* Begin PBXSourcesBuildPhase section */
		A190C25527AD2AD1001FC267 /* Sources */ = {
			isa = PBXSourcesBuildPhase;
			buildActionMask = 2147483647;
			files = (
				A190C27527AD2E24001FC267 /* CarModel.swift in Sources */,
				A1744E4827B63763007AE2C9 /* SelectedCompanyViewController.swift in Sources */,
				A190C26127AD2AD1001FC267 /* CarCompanyViewController.swift in Sources */,
				A190C25D27AD2AD1001FC267 /* AppDelegate.swift in Sources */,
				A190C25F27AD2AD1001FC267 /* SceneDelegate.swift in Sources */,
			);
			runOnlyForDeploymentPostprocessing = 0;
		};
/* End PBXSourcesBuildPhase section */

/* Begin PBXVariantGroup section */
		A190C26727AD2AD2001FC267 /* LaunchScreen.storyboard */ = {
			isa = PBXVariantGroup;
			children = (
				A190C26827AD2AD2001FC267 /* Base */,
			);
			name = LaunchScreen.storyboard;
			sourceTree = "<group>";
		};
/* End PBXVariantGroup section */

/* Begin XCBuildConfiguration section */
		A190C26B27AD2AD2001FC267 /* Debug */ = {
			isa = XCBuildConfiguration;
			buildSettings = {
				ALWAYS_SEARCH_USER_PATHS = NO;
				CLANG_ANALYZER_NONNULL = YES;
				CLANG_ANALYZER_NUMBER_OBJECT_CONVERSION = YES_AGGRESSIVE;
				CLANG_CXX_LANGUAGE_STANDARD = "gnu++17";
				CLANG_CXX_LIBRARY = "libc++";
				CLANG_ENABLE_MODULES = YES;
				CLANG_ENABLE_OBJC_ARC = YES;
				CLANG_ENABLE_OBJC_WEAK = YES;
				CLANG_WARN_BLOCK_CAPTURE_AUTORELEASING = YES;
				CLANG_WARN_BOOL_CONVERSION = YES;
				CLANG_WARN_COMMA = YES;
				CLANG_WARN_CONSTANT_CONVERSION = YES;
				CLANG_WARN_DEPRECATED_OBJC_IMPLEMENTATIONS = YES;
				CLANG_WARN_DIRECT_OBJC_ISA_USAGE = YES_ERROR;
				CLANG_WARN_DOCUMENTATION_COMMENTS = YES;
				CLANG_WARN_EMPTY_BODY = YES;
				CLANG_WARN_ENUM_CONVERSION = YES;
				CLANG_WARN_INFINITE_RECURSION = YES;
				CLANG_WARN_INT_CONVERSION = YES;
				CLANG_WARN_NON_LITERAL_NULL_CONVERSION = YES;
				CLANG_WARN_OBJC_IMPLICIT_RETAIN_SELF = YES;
				CLANG_WARN_OBJC_LITERAL_CONVERSION = YES;
				CLANG_WARN_OBJC_ROOT_CLASS = YES_ERROR;
				CLANG_WARN_QUOTED_INCLUDE_IN_FRAMEWORK_HEADER = YES;
				CLANG_WARN_RANGE_LOOP_ANALYSIS = YES;
				CLANG_WARN_STRICT_PROTOTYPES = YES;
				CLANG_WARN_SUSPICIOUS_MOVE = YES;
				CLANG_WARN_UNGUARDED_AVAILABILITY = YES_AGGRESSIVE;
				CLANG_WARN_UNREACHABLE_CODE = YES;
				CLANG_WARN__DUPLICATE_METHOD_MATCH = YES;
				COPY_PHASE_STRIP = NO;
				DEBUG_INFORMATION_FORMAT = dwarf;
				ENABLE_STRICT_OBJC_MSGSEND = YES;
				ENABLE_TESTABILITY = YES;
				GCC_C_LANGUAGE_STANDARD = gnu11;
				GCC_DYNAMIC_NO_PIC = NO;
				GCC_NO_COMMON_BLOCKS = YES;
				GCC_OPTIMIZATION_LEVEL = 0;
				GCC_PREPROCESSOR_DEFINITIONS = (
					"DEBUG=1",
					"$(inherited)",
				);
				GCC_WARN_64_TO_32_BIT_CONVERSION = YES;
				GCC_WARN_ABOUT_RETURN_TYPE = YES_ERROR;
				GCC_WARN_UNDECLARED_SELECTOR = YES;
				GCC_WARN_UNINITIALIZED_AUTOS = YES_AGGRESSIVE;
				GCC_WARN_UNUSED_FUNCTION = YES;
				GCC_WARN_UNUSED_VARIABLE = YES;
				IPHONEOS_DEPLOYMENT_TARGET = 15.2;
				MTL_ENABLE_DEBUG_INFO = INCLUDE_SOURCE;
				MTL_FAST_MATH = YES;
				ONLY_ACTIVE_ARCH = YES;
				SDKROOT = iphoneos;
				SWIFT_ACTIVE_COMPILATION_CONDITIONS = DEBUG;
				SWIFT_OPTIMIZATION_LEVEL = "-Onone";
			};
			name = Debug;
		};
		A190C26C27AD2AD2001FC267 /* Release */ = {
			isa = XCBuildConfiguration;
			buildSettings = {
				ALWAYS_SEARCH_USER_PATHS = NO;
				CLANG_ANALYZER_NONNULL = YES;
				CLANG_ANALYZER_NUMBER_OBJECT_CONVERSION = YES_AGGRESSIVE;
				CLANG_CXX_LANGUAGE_STANDARD = "gnu++17";
				CLANG_CXX_LIBRARY = "libc++";
				CLANG_ENABLE_MODULES = YES;
				CLANG_ENABLE_OBJC_ARC = YES;
				CLANG_ENABLE_OBJC_WEAK = YES;
				CLANG_WARN_BLOCK_CAPTURE_AUTORELEASING = YES;
				CLANG_WARN_BOOL_CONVERSION = YES;
				CLANG_WARN_COMMA = YES;
				CLANG_WARN_CONSTANT_CONVERSION = YES;
				CLANG_WARN_DEPRECATED_OBJC_IMPLEMENTATIONS = YES;
				CLANG_WARN_DIRECT_OBJC_ISA_USAGE = YES_ERROR;
				CLANG_WARN_DOCUMENTATION_COMMENTS = YES;
				CLANG_WARN_EMPTY_BODY = YES;
				CLANG_WARN_ENUM_CONVERSION = YES;
				CLANG_WARN_INFINITE_RECURSION = YES;
				CLANG_WARN_INT_CONVERSION = YES;
				CLANG_WARN_NON_LITERAL_NULL_CONVERSION = YES;
				CLANG_WARN_OBJC_IMPLICIT_RETAIN_SELF = YES;
				CLANG_WARN_OBJC_LITERAL_CONVERSION = YES;
				CLANG_WARN_OBJC_ROOT_CLASS = YES_ERROR;
				CLANG_WARN_QUOTED_INCLUDE_IN_FRAMEWORK_HEADER = YES;
				CLANG_WARN_RANGE_LOOP_ANALYSIS = YES;
				CLANG_WARN_STRICT_PROTOTYPES = YES;
				CLANG_WARN_SUSPICIOUS_MOVE = YES;
				CLANG_WARN_UNGUARDED_AVAILABILITY = YES_AGGRESSIVE;
				CLANG_WARN_UNREACHABLE_CODE = YES;
				CLANG_WARN__DUPLICATE_METHOD_MATCH = YES;
				COPY_PHASE_STRIP = NO;
				DEBUG_INFORMATION_FORMAT = "dwarf-with-dsym";
				ENABLE_NS_ASSERTIONS = NO;
				ENABLE_STRICT_OBJC_MSGSEND = YES;
				GCC_C_LANGUAGE_STANDARD = gnu11;
				GCC_NO_COMMON_BLOCKS = YES;
				GCC_WARN_64_TO_32_BIT_CONVERSION = YES;
				GCC_WARN_ABOUT_RETURN_TYPE = YES_ERROR;
				GCC_WARN_UNDECLARED_SELECTOR = YES;
				GCC_WARN_UNINITIALIZED_AUTOS = YES_AGGRESSIVE;
				GCC_WARN_UNUSED_FUNCTION = YES;
				GCC_WARN_UNUSED_VARIABLE = YES;
				IPHONEOS_DEPLOYMENT_TARGET = 15.2;
				MTL_ENABLE_DEBUG_INFO = NO;
				MTL_FAST_MATH = YES;
				SDKROOT = iphoneos;
				SWIFT_COMPILATION_MODE = wholemodule;
				SWIFT_OPTIMIZATION_LEVEL = "-O";
				VALIDATE_PRODUCT = YES;
			};
			name = Release;
		};
		A190C26E27AD2AD2001FC267 /* Debug */ = {
			isa = XCBuildConfiguration;
			baseConfigurationReference = 1BF772F5CC0A6BF169B49DCF /* Pods-CarApp(RxSwift).debug.xcconfig */;
			buildSettings = {
				ASSETCATALOG_COMPILER_APPICON_NAME = AppIcon;
				ASSETCATALOG_COMPILER_GLOBAL_ACCENT_COLOR_NAME = AccentColor;
				CODE_SIGN_STYLE = Automatic;
				CURRENT_PROJECT_VERSION = 1;
				DEVELOPMENT_TEAM = HDWNKQ472C;
				GENERATE_INFOPLIST_FILE = YES;
				INFOPLIST_FILE = "CarApp(RxSwift)/App/Info.plist";
				INFOPLIST_KEY_UIApplicationSupportsIndirectInputEvents = YES;
				INFOPLIST_KEY_UILaunchStoryboardName = LaunchScreen;
				INFOPLIST_KEY_UISupportedInterfaceOrientations_iPad = "UIInterfaceOrientationPortrait UIInterfaceOrientationPortraitUpsideDown UIInterfaceOrientationLandscapeLeft UIInterfaceOrientationLandscapeRight";
				INFOPLIST_KEY_UISupportedInterfaceOrientations_iPhone = "UIInterfaceOrientationPortrait UIInterfaceOrientationLandscapeLeft UIInterfaceOrientationLandscapeRight";
				LD_RUNPATH_SEARCH_PATHS = (
					"$(inherited)",
					"@executable_path/Frameworks",
				);
				MARKETING_VERSION = 1.0;
				PRODUCT_BUNDLE_IDENTIFIER = "Nikita12G.CarApp-RxSwift-";
				PRODUCT_NAME = "$(TARGET_NAME)";
				SWIFT_EMIT_LOC_STRINGS = YES;
				SWIFT_VERSION = 5.0;
				TARGETED_DEVICE_FAMILY = 1;
			};
			name = Debug;
		};
		A190C26F27AD2AD2001FC267 /* Release */ = {
			isa = XCBuildConfiguration;
			baseConfigurationReference = BA709008FE201ADF76D69FBF /* Pods-CarApp(RxSwift).release.xcconfig */;
			buildSettings = {
				ASSETCATALOG_COMPILER_APPICON_NAME = AppIcon;
				ASSETCATALOG_COMPILER_GLOBAL_ACCENT_COLOR_NAME = AccentColor;
				CODE_SIGN_STYLE = Automatic;
				CURRENT_PROJECT_VERSION = 1;
				DEVELOPMENT_TEAM = HDWNKQ472C;
				GENERATE_INFOPLIST_FILE = YES;
				INFOPLIST_FILE = "CarApp(RxSwift)/App/Info.plist";
				INFOPLIST_KEY_UIApplicationSupportsIndirectInputEvents = YES;
				INFOPLIST_KEY_UILaunchStoryboardName = LaunchScreen;
				INFOPLIST_KEY_UISupportedInterfaceOrientations_iPad = "UIInterfaceOrientationPortrait UIInterfaceOrientationPortraitUpsideDown UIInterfaceOrientationLandscapeLeft UIInterfaceOrientationLandscapeRight";
				INFOPLIST_KEY_UISupportedInterfaceOrientations_iPhone = "UIInterfaceOrientationPortrait UIInterfaceOrientationLandscapeLeft UIInterfaceOrientationLandscapeRight";
				LD_RUNPATH_SEARCH_PATHS = (
					"$(inherited)",
					"@executable_path/Frameworks",
				);
				MARKETING_VERSION = 1.0;
				PRODUCT_BUNDLE_IDENTIFIER = "Nikita12G.CarApp-RxSwift-";
				PRODUCT_NAME = "$(TARGET_NAME)";
				SWIFT_EMIT_LOC_STRINGS = YES;
				SWIFT_VERSION = 5.0;
				TARGETED_DEVICE_FAMILY = 1;
			};
			name = Release;
		};
/* End XCBuildConfiguration section */

/* Begin XCConfigurationList section */
		A190C25427AD2AD1001FC267 /* Build configuration list for PBXProject "CarApp(RxSwift)" */ = {
			isa = XCConfigurationList;
			buildConfigurations = (
				A190C26B27AD2AD2001FC267 /* Debug */,
				A190C26C27AD2AD2001FC267 /* Release */,
			);
			defaultConfigurationIsVisible = 0;
			defaultConfigurationName = Release;
		};
		A190C26D27AD2AD2001FC267 /* Build configuration list for PBXNativeTarget "CarApp(RxSwift)" */ = {
			isa = XCConfigurationList;
			buildConfigurations = (
				A190C26E27AD2AD2001FC267 /* Debug */,
				A190C26F27AD2AD2001FC267 /* Release */,
			);
			defaultConfigurationIsVisible = 0;
			defaultConfigurationName = Release;
		};
/* End XCConfigurationList section */
	};
	rootObject = A190C25127AD2AD1001FC267 /* Project object */;
}
